
Microsoft Visual Studio Solution File, Format Version 12.00
# Visual Studio Version 17
VisualStudioVersion = 17.5.33516.290
MinimumVisualStudioVersion = 10.0.40219.1
Project("{FAE04EC0-301F-11D3-BF4B-00C04F79EFBC}") = "StudentEvaluationApp", "StudentEvaluationApp\StudentEvaluationApp.csproj", "{320B2A1E-8A70-41DB-9B72-381CD6D0E5BC}"
EndProject
Global
	GlobalSection(SolutionConfigurationPlatforms) = preSolution
		Debug|Any CPU = Debug|Any CPU
		Release|Any CPU = Release|Any CPU
	EndGlobalSection
	GlobalSection(ProjectConfigurationPlatforms) = postSolution
		{320B2A1E-8A70-41DB-9B72-381CD6D0E5BC}.Debug|Any CPU.ActiveCfg = Debug|Any CPU
		{320B2A1E-8A70-41DB-9B72-381CD6D0E5BC}.Debug|Any CPU.Build.0 = Debug|Any CPU
		{320B2A1E-8A70-41DB-9B72-381CD6D0E5BC}.Release|Any CPU.ActiveCfg = Release|Any CPU
		{320B2A1E-8A70-41DB-9B72-381CD6D0E5BC}.Release|Any CPU.Build.0 = Release|Any CPU
	EndGlobalSection
	GlobalSection(SolutionProperties) = preSolution
		HideSolutionNode = FALSE
	EndGlobalSection
	GlobalSection(ExtensibilityGlobals) = postSolution
		SolutionGuid = {D5B471C4-3CDA-49F3-B73C-50C93FEC584D}
	EndGlobalSection
EndGlobal
